
Microsoft Visual Studio Solution File, Format Version 12.00
# Visual Studio 15
VisualStudioVersion = 15.0.27130.2020
MinimumVisualStudioVersion = 10.0.40219.1
Project("{FAE04EC0-301F-11D3-BF4B-00C04F79EFBC}") = "ProyectoGrafitos", "ProyectoGrafitos\ProyectoGrafitos.csproj", "{E02CF3CA-4DF3-40DB-936E-943034EEDB90}"
EndProject
Project("{FAE04EC0-301F-11D3-BF4B-00C04F79EFBC}") = "Entities", "Entities\Entities.csproj", "{36374AED-80D9-4234-9896-2F22FDEA51FC}"
EndProject
Global
	GlobalSection(SolutionConfigurationPlatforms) = preSolution
		Debug|Any CPU = Debug|Any CPU
		Release|Any CPU = Release|Any CPU
	EndGlobalSection
	GlobalSection(ProjectConfigurationPlatforms) = postSolution
		{E02CF3CA-4DF3-40DB-936E-943034EEDB90}.Debug|Any CPU.ActiveCfg = Debug|Any CPU
		{E02CF3CA-4DF3-40DB-936E-943034EEDB90}.Debug|Any CPU.Build.0 = Debug|Any CPU
		{E02CF3CA-4DF3-40DB-936E-943034EEDB90}.Release|Any CPU.ActiveCfg = Release|Any CPU
		{E02CF3CA-4DF3-40DB-936E-943034EEDB90}.Release|Any CPU.Build.0 = Release|Any CPU
		{36374AED-80D9-4234-9896-2F22FDEA51FC}.Debug|Any CPU.ActiveCfg = Debug|Any CPU
		{36374AED-80D9-4234-9896-2F22FDEA51FC}.Debug|Any CPU.Build.0 = Debug|Any CPU
		{36374AED-80D9-4234-9896-2F22FDEA51FC}.Release|Any CPU.ActiveCfg = Release|Any CPU
		{36374AED-80D9-4234-9896-2F22FDEA51FC}.Release|Any CPU.Build.0 = Release|Any CPU
	EndGlobalSection
	GlobalSection(SolutionProperties) = preSolution
		HideSolutionNode = FALSE
	EndGlobalSection
	GlobalSection(ExtensibilityGlobals) = postSolution
		SolutionGuid = {ABB37FAA-EAF9-4240-8F93-4A316CE1D78C}
	EndGlobalSection
EndGlobal
